
Microsoft Visual Studio Solution File, Format Version 12.00
# Visual Studio Version 17
VisualStudioVersion = 17.5.33414.496
MinimumVisualStudioVersion = 10.0.40219.1
Project("{FAE04EC0-301F-11D3-BF4B-00C04F79EFBC}") = "WestCoastEducation", "WestCoastEducation\WestCoastEducation.csproj", "{6C52AB3D-965E-4E42-968D-3562CFB43FA6}"
EndProject
Project("{FAE04EC0-301F-11D3-BF4B-00C04F79EFBC}") = "DataAccess", "DataAccess\DataAccess.csproj", "{66765F76-6B6D-44B6-88F5-4432D929F16C}"
EndProject
Project("{FAE04EC0-301F-11D3-BF4B-00C04F79EFBC}") = "Business", "Business\Business.csproj", "{94F4F2CB-186A-4E39-89A6-035F6FDAE9FA}"
EndProject
Global
	GlobalSection(SolutionConfigurationPlatforms) = preSolution
		Debug|Any CPU = Debug|Any CPU
		Release|Any CPU = Release|Any CPU
	EndGlobalSection
	GlobalSection(ProjectConfigurationPlatforms) = postSolution
		{6C52AB3D-965E-4E42-968D-3562CFB43FA6}.Debug|Any CPU.ActiveCfg = Debug|Any CPU
		{6C52AB3D-965E-4E42-968D-3562CFB43FA6}.Debug|Any CPU.Build.0 = Debug|Any CPU
		{6C52AB3D-965E-4E42-968D-3562CFB43FA6}.Release|Any CPU.ActiveCfg = Release|Any CPU
		{6C52AB3D-965E-4E42-968D-3562CFB43FA6}.Release|Any CPU.Build.0 = Release|Any CPU
		{66765F76-6B6D-44B6-88F5-4432D929F16C}.Debug|Any CPU.ActiveCfg = Debug|Any CPU
		{66765F76-6B6D-44B6-88F5-4432D929F16C}.Debug|Any CPU.Build.0 = Debug|Any CPU
		{66765F76-6B6D-44B6-88F5-4432D929F16C}.Release|Any CPU.ActiveCfg = Release|Any CPU
		{66765F76-6B6D-44B6-88F5-4432D929F16C}.Release|Any CPU.Build.0 = Release|Any CPU
		{94F4F2CB-186A-4E39-89A6-035F6FDAE9FA}.Debug|Any CPU.ActiveCfg = Debug|Any CPU
		{94F4F2CB-186A-4E39-89A6-035F6FDAE9FA}.Debug|Any CPU.Build.0 = Debug|Any CPU
		{94F4F2CB-186A-4E39-89A6-035F6FDAE9FA}.Release|Any CPU.ActiveCfg = Release|Any CPU
		{94F4F2CB-186A-4E39-89A6-035F6FDAE9FA}.Release|Any CPU.Build.0 = Release|Any CPU
	EndGlobalSection
	GlobalSection(SolutionProperties) = preSolution
		HideSolutionNode = FALSE
	EndGlobalSection
	GlobalSection(ExtensibilityGlobals) = postSolution
		SolutionGuid = {AA3942C7-AB68-4BB1-99E7-B02B60A3C24E}
	EndGlobalSection
EndGlobal
